// !$*UTF8*$!
{
	archiveVersion = 1;
	classes = {
	};
	objectVersion = 46;
	objects = {

/* Begin PBXBuildFile section */
		20D1823E1C41763700B57DD8 /* main.m in Sources */ = {isa = PBXBuildFile; fileRef = 20D1823D1C41763700B57DD8 /* main.m */; };
		20D182411C41763700B57DD8 /* AppDelegate.m in Sources */ = {isa = PBXBuildFile; fileRef = 20D182401C41763700B57DD8 /* AppDelegate.m */; };
		20D182441C41763700B57DD8 /* ViewController.m in Sources */ = {isa = PBXBuildFile; fileRef = 20D182431C41763700B57DD8 /* ViewController.m */; };
		20D182471C41763700B57DD8 /* Main.storyboard in Resources */ = {isa = PBXBuildFile; fileRef = 20D182451C41763700B57DD8 /* Main.storyboard */; };
		20D182491C41763700B57DD8 /* Assets.xcassets in Resources */ = {isa = PBXBuildFile; fileRef = 20D182481C41763700B57DD8 /* Assets.xcassets */; };
		20D1824C1C41763700B57DD8 /* LaunchScreen.storyboard in Resources */ = {isa = PBXBuildFile; fileRef = 20D1824A1C41763700B57DD8 /* LaunchScreen.storyboard */; };
		20D182621C41763700B57DD8 /* RecrutamentoIOsUITests.m in Sources */ = {isa = PBXBuildFile; fileRef = 20D182611C41763700B57DD8 /* RecrutamentoIOsUITests.m */; };
		439EDCE68EFE123056BD5CC9 /* libPods-RecrutamentoIOs.a in Frameworks */ = {isa = PBXBuildFile; fileRef = 8ED377EA8BE505958A694BF2 /* libPods-RecrutamentoIOs.a */; };
		908DD4773A19822E6D3066F2 /* libPods-RecrutamentoIOsTests.a in Frameworks */ = {isa = PBXBuildFile; fileRef = 3C0E7C395667EA1FD3033CF1 /* libPods-RecrutamentoIOsTests.a */; };
/* End PBXBuildFile section */

/* Begin PBXContainerItemProxy section */
		20D182531C41763700B57DD8 /* PBXContainerItemProxy */ = {
			isa = PBXContainerItemProxy;
			containerPortal = 20D182311C41763700B57DD8 /* Project object */;
			proxyType = 1;
			remoteGlobalIDString = 20D182381C41763700B57DD8;
			remoteInfo = RecrutamentoIOs;
		};
		20D1825E1C41763700B57DD8 /* PBXContainerItemProxy */ = {
			isa = PBXContainerItemProxy;
			containerPortal = 20D182311C41763700B57DD8 /* Project object */;
			proxyType = 1;
			remoteGlobalIDString = 20D182381C41763700B57DD8;
			remoteInfo = RecrutamentoIOs;
		};
/* End PBXContainerItemProxy section */

/* Begin PBXFileReference section */
		02C2F9FE104A3653FB1CA212 /* Pods-RecrutamentoIOs.debug.xcconfig */ = {isa = PBXFileReference; includeInIndex = 1; lastKnownFileType = text.xcconfig; name = "Pods-RecrutamentoIOs.debug.xcconfig"; path = "Pods/Target Support Files/Pods-RecrutamentoIOs/Pods-RecrutamentoIOs.debug.xcconfig"; sourceTree = "<group>"; };
		20D182391C41763700B57DD8 /* RecrutamentoIOs.app */ = {isa = PBXFileReference; explicitFileType = wrapper.application; includeInIndex = 0; path = RecrutamentoIOs.app; sourceTree = BUILT_PRODUCTS_DIR; };
		20D1823D1C41763700B57DD8 /* main.m */ = {isa = PBXFileReference; lastKnownFileType = sourcecode.c.objc; path = main.m; sourceTree = "<group>"; };
		20D1823F1C41763700B57DD8 /* AppDelegate.h */ = {isa = PBXFileReference; lastKnownFileType = sourcecode.c.h; path = AppDelegate.h; sourceTree = "<group>"; };
		20D182401C41763700B57DD8 /* AppDelegate.m */ = {isa = PBXFileReference; lastKnownFileType = sourcecode.c.objc; path = AppDelegate.m; sourceTree = "<group>"; };
		20D182421C41763700B57DD8 /* ViewController.h */ = {isa = PBXFileReference; lastKnownFileType = sourcecode.c.h; path = ViewController.h; sourceTree = "<group>"; };
		20D182431C41763700B57DD8 /* ViewController.m */ = {isa = PBXFileReference; lastKnownFileType = sourcecode.c.objc; path = ViewController.m; sourceTree = "<group>"; };
		20D182461C41763700B57DD8 /* Base */ = {isa = PBXFileReference; lastKnownFileType = file.storyboard; name = Base; path = Base.lproj/Main.storyboard; sourceTree = "<group>"; };
		20D182481C41763700B57DD8 /* Assets.xcassets */ = {isa = PBXFileReference; lastKnownFileType = folder.assetcatalog; path = Assets.xcassets; sourceTree = "<group>"; };
		20D1824B1C41763700B57DD8 /* Base */ = {isa = PBXFileReference; lastKnownFileType = file.storyboard; name = Base; path = Base.lproj/LaunchScreen.storyboard; sourceTree = "<group>"; };
		20D1824D1C41763700B57DD8 /* Info.plist */ = {isa = PBXFileReference; lastKnownFileType = text.plist.xml; path = Info.plist; sourceTree = "<group>"; };
		20D182521C41763700B57DD8 /* RecrutamentoIOsTests.xctest */ = {isa = PBXFileReference; explicitFileType = wrapper.cfbundle; includeInIndex = 0; path = RecrutamentoIOsTests.xctest; sourceTree = BUILT_PRODUCTS_DIR; };
		20D182581C41763700B57DD8 /* Info.plist */ = {isa = PBXFileReference; lastKnownFileType = text.plist.xml; path = Info.plist; sourceTree = "<group>"; };
		20D1825D1C41763700B57DD8 /* RecrutamentoIOsUITests.xctest */ = {isa = PBXFileReference; explicitFileType = wrapper.cfbundle; includeInIndex = 0; path = RecrutamentoIOsUITests.xctest; sourceTree = BUILT_PRODUCTS_DIR; };
		20D182611C41763700B57DD8 /* RecrutamentoIOsUITests.m */ = {isa = PBXFileReference; lastKnownFileType = sourcecode.c.objc; path = RecrutamentoIOsUITests.m; sourceTree = "<group>"; };
		20D182631C41763700B57DD8 /* Info.plist */ = {isa = PBXFileReference; lastKnownFileType = text.plist.xml; path = Info.plist; sourceTree = "<group>"; };
		2A2125D9FFEA0605EBC676B7 /* Pods-RecrutamentoIOsTests.debug.xcconfig */ = {isa = PBXFileReference; includeInIndex = 1; lastKnownFileType = text.xcconfig; name = "Pods-RecrutamentoIOsTests.debug.xcconfig"; path = "Pods/Target Support Files/Pods-RecrutamentoIOsTests/Pods-RecrutamentoIOsTests.debug.xcconfig"; sourceTree = "<group>"; };
		369EEF95CE5D35305AA22DD2 /* Pods-RecrutamentoIOsTests.release.xcconfig */ = {isa = PBXFileReference; includeInIndex = 1; lastKnownFileType = text.xcconfig; name = "Pods-RecrutamentoIOsTests.release.xcconfig"; path = "Pods/Target Support Files/Pods-RecrutamentoIOsTests/Pods-RecrutamentoIOsTests.release.xcconfig"; sourceTree = "<group>"; };
		3C0E7C395667EA1FD3033CF1 /* libPods-RecrutamentoIOsTests.a */ = {isa = PBXFileReference; explicitFileType = archive.ar; includeInIndex = 0; path = "libPods-RecrutamentoIOsTests.a"; sourceTree = BUILT_PRODUCTS_DIR; };
		8ED377EA8BE505958A694BF2 /* libPods-RecrutamentoIOs.a */ = {isa = PBXFileReference; explicitFileType = archive.ar; includeInIndex = 0; path = "libPods-RecrutamentoIOs.a"; sourceTree = BUILT_PRODUCTS_DIR; };
		CB44DC6E18E8BFEFCC39B039 /* Pods-RecrutamentoIOs.release.xcconfig */ = {isa = PBXFileReference; includeInIndex = 1; lastKnownFileType = text.xcconfig; name = "Pods-RecrutamentoIOs.release.xcconfig"; path = "Pods/Target Support Files/Pods-RecrutamentoIOs/Pods-RecrutamentoIOs.release.xcconfig"; sourceTree = "<group>"; };
/* End PBXFileReference section */

/* Begin PBXFrameworksBuildPhase section */
		20D182361C41763700B57DD8 /* Frameworks */ = {
			isa = PBXFrameworksBuildPhase;
			buildActionMask = 2147483647;
			files = (
				439EDCE68EFE123056BD5CC9 /* libPods-RecrutamentoIOs.a in Frameworks */,
			);
			runOnlyForDeploymentPostprocessing = 0;
		};
		20D1824F1C41763700B57DD8 /* Frameworks */ = {
			isa = PBXFrameworksBuildPhase;
			buildActionMask = 2147483647;
			files = (
				908DD4773A19822E6D3066F2 /* libPods-RecrutamentoIOsTests.a in Frameworks */,
			);
			runOnlyForDeploymentPostprocessing = 0;
		};
		20D1825A1C41763700B57DD8 /* Frameworks */ = {
			isa = PBXFrameworksBuildPhase;
			buildActionMask = 2147483647;
			files = (
			);
			runOnlyForDeploymentPostprocessing = 0;
		};
/* End PBXFrameworksBuildPhase section */

/* Begin PBXGroup section */
		205FD00C1C4177F600B7F5AA /* Models */ = {
			isa = PBXGroup;
			children = (
			);
			name = Models;
			sourceTree = "<group>";
		};
		205FD00D1C4177FF00B7F5AA /* Controllers */ = {
			isa = PBXGroup;
			children = (
				20D182421C41763700B57DD8 /* ViewController.h */,
				20D182431C41763700B57DD8 /* ViewController.m */,
			);
			name = Controllers;
			sourceTree = "<group>";
		};
		205FD00E1C41780500B7F5AA /* Views */ = {
			isa = PBXGroup;
			children = (
			);
			name = Views;
			sourceTree = "<group>";
		};
		205FD00F1C41780B00B7F5AA /* Network */ = {
			isa = PBXGroup;
			children = (
			);
			name = Network;
			sourceTree = "<group>";
		};
		205FD0101C41781100B7F5AA /* Helpers */ = {
			isa = PBXGroup;
			children = (
			);
			name = Helpers;
			sourceTree = "<group>";
		};
		205FD0111C41782100B7F5AA /* App */ = {
			isa = PBXGroup;
			children = (
				20D1823F1C41763700B57DD8 /* AppDelegate.h */,
				20D182401C41763700B57DD8 /* AppDelegate.m */,
				20D182481C41763700B57DD8 /* Assets.xcassets */,
				20D1824D1C41763700B57DD8 /* Info.plist */,
			);
			name = App;
			sourceTree = "<group>";
		};
		205FD0121C41783600B7F5AA /* Storyboards */ = {
			isa = PBXGroup;
			children = (
				20D182451C41763700B57DD8 /* Main.storyboard */,
				20D1824A1C41763700B57DD8 /* LaunchScreen.storyboard */,
			);
			name = Storyboards;
			sourceTree = "<group>";
		};
		205FD0131C41786700B7F5AA /* Models */ = {
			isa = PBXGroup;
			children = (
			);
			name = Models;
			sourceTree = "<group>";
		};
		205FD0141C41786E00B7F5AA /* Helpers */ = {
			isa = PBXGroup;
			children = (
			);
			name = Helpers;
			sourceTree = "<group>";
		};
		205FD0151C41787700B7F5AA /* Network */ = {
			isa = PBXGroup;
			children = (
			);
			name = Network;
			sourceTree = "<group>";
		};
		205FD0161C41787F00B7F5AA /* Controllers */ = {
			isa = PBXGroup;
			children = (
			);
			name = Controllers;
			sourceTree = "<group>";
		};
		205FD0171C41788B00B7F5AA /* Views */ = {
			isa = PBXGroup;
			children = (
			);
			name = Views;
			sourceTree = "<group>";
		};
		205FD0181C41789200B7F5AA /* Datasources */ = {
			isa = PBXGroup;
			children = (
			);
			name = Datasources;
			sourceTree = "<group>";
		};
		205FD0191C4178A300B7F5AA /* ModelContainers */ = {
			isa = PBXGroup;
			children = (
			);
			name = ModelContainers;
			sourceTree = "<group>";
		};
		205FD01A1C4178B000B7F5AA /* ModelContainers */ = {
			isa = PBXGroup;
			children = (
			);
			name = ModelContainers;
			sourceTree = "<group>";
		};
		205FD01B1C4178B900B7F5AA /* Datasources */ = {
			isa = PBXGroup;
			children = (
			);
			name = Datasources;
			sourceTree = "<group>";
		};
		20D182301C41763700B57DD8 = {
			isa = PBXGroup;
			children = (
				20D1823B1C41763700B57DD8 /* RecrutamentoIOs */,
				20D182551C41763700B57DD8 /* RecrutamentoIOsTests */,
				20D182601C41763700B57DD8 /* RecrutamentoIOsUITests */,
				20D1823A1C41763700B57DD8 /* Products */,
				FB461E164A84D258A0EFD550 /* Pods */,
				6307FD32F5C02F805F4270CA /* Frameworks */,
			);
			sourceTree = "<group>";
		};
		20D1823A1C41763700B57DD8 /* Products */ = {
			isa = PBXGroup;
			children = (
				20D182391C41763700B57DD8 /* RecrutamentoIOs.app */,
				20D182521C41763700B57DD8 /* RecrutamentoIOsTests.xctest */,
				20D1825D1C41763700B57DD8 /* RecrutamentoIOsUITests.xctest */,
			);
			name = Products;
			sourceTree = "<group>";
		};
		20D1823B1C41763700B57DD8 /* RecrutamentoIOs */ = {
			isa = PBXGroup;
			children = (
				205FD0191C4178A300B7F5AA /* ModelContainers */,
				205FD0181C41789200B7F5AA /* Datasources */,
				205FD0121C41783600B7F5AA /* Storyboards */,
				205FD0111C41782100B7F5AA /* App */,
				205FD0101C41781100B7F5AA /* Helpers */,
				205FD00F1C41780B00B7F5AA /* Network */,
				205FD00E1C41780500B7F5AA /* Views */,
				205FD00D1C4177FF00B7F5AA /* Controllers */,
				205FD00C1C4177F600B7F5AA /* Models */,
				20D1823C1C41763700B57DD8 /* Supporting Files */,
			);
			path = RecrutamentoIOs;
			sourceTree = "<group>";
		};
		20D1823C1C41763700B57DD8 /* Supporting Files */ = {
			isa = PBXGroup;
			children = (
				20D1823D1C41763700B57DD8 /* main.m */,
			);
			name = "Supporting Files";
			sourceTree = "<group>";
		};
		20D182551C41763700B57DD8 /* RecrutamentoIOsTests */ = {
			isa = PBXGroup;
			children = (
				205FD01B1C4178B900B7F5AA /* Datasources */,
				205FD01A1C4178B000B7F5AA /* ModelContainers */,
				205FD0171C41788B00B7F5AA /* Views */,
				205FD0161C41787F00B7F5AA /* Controllers */,
				205FD0151C41787700B7F5AA /* Network */,
				205FD0141C41786E00B7F5AA /* Helpers */,
				205FD0131C41786700B7F5AA /* Models */,
				20D182581C41763700B57DD8 /* Info.plist */,
			);
			path = RecrutamentoIOsTests;
			sourceTree = "<group>";
		};
		20D182601C41763700B57DD8 /* RecrutamentoIOsUITests */ = {
			isa = PBXGroup;
			children = (
				20D182611C41763700B57DD8 /* RecrutamentoIOsUITests.m */,
				20D182631C41763700B57DD8 /* Info.plist */,
			);
			path = RecrutamentoIOsUITests;
			sourceTree = "<group>";
		};
		6307FD32F5C02F805F4270CA /* Frameworks */ = {
			isa = PBXGroup;
			children = (
				8ED377EA8BE505958A694BF2 /* libPods-RecrutamentoIOs.a */,
				3C0E7C395667EA1FD3033CF1 /* libPods-RecrutamentoIOsTests.a */,
			);
			name = Frameworks;
			sourceTree = "<group>";
		};
		FB461E164A84D258A0EFD550 /* Pods */ = {
			isa = PBXGroup;
			children = (
				02C2F9FE104A3653FB1CA212 /* Pods-RecrutamentoIOs.debug.xcconfig */,
				CB44DC6E18E8BFEFCC39B039 /* Pods-RecrutamentoIOs.release.xcconfig */,
				2A2125D9FFEA0605EBC676B7 /* Pods-RecrutamentoIOsTests.debug.xcconfig */,
				369EEF95CE5D35305AA22DD2 /* Pods-RecrutamentoIOsTests.release.xcconfig */,
			);
			name = Pods;
			sourceTree = "<group>";
		};
/* End PBXGroup section */

/* Begin PBXNativeTarget section */
		20D182381C41763700B57DD8 /* RecrutamentoIOs */ = {
			isa = PBXNativeTarget;
			buildConfigurationList = 20D182661C41763700B57DD8 /* Build configuration list for PBXNativeTarget "RecrutamentoIOs" */;
			buildPhases = (
				D45C12144D2709C9A8A2F094 /* Check Pods Manifest.lock */,
				20D182351C41763700B57DD8 /* Sources */,
				20D182361C41763700B57DD8 /* Frameworks */,
				20D182371C41763700B57DD8 /* Resources */,
				D44D56ED094DA32364B84163 /* Copy Pods Resources */,
			);
			buildRules = (
			);
			dependencies = (
			);
			name = RecrutamentoIOs;
			productName = RecrutamentoIOs;
			productReference = 20D182391C41763700B57DD8 /* RecrutamentoIOs.app */;
			productType = "com.apple.product-type.application";
		};
		20D182511C41763700B57DD8 /* RecrutamentoIOsTests */ = {
			isa = PBXNativeTarget;
			buildConfigurationList = 20D182691C41763700B57DD8 /* Build configuration list for PBXNativeTarget "RecrutamentoIOsTests" */;
			buildPhases = (
				C6884205D0ACA891916D790C /* Check Pods Manifest.lock */,
				20D1824E1C41763700B57DD8 /* Sources */,
				20D1824F1C41763700B57DD8 /* Frameworks */,
				20D182501C41763700B57DD8 /* Resources */,
				E3A1DE0802B3E55A5CD94016 /* Copy Pods Resources */,
			);
			buildRules = (
			);
			dependencies = (
				20D182541C41763700B57DD8 /* PBXTargetDependency */,
			);
			name = RecrutamentoIOsTests;
			productName = RecrutamentoIOsTests;
			productReference = 20D182521C41763700B57DD8 /* RecrutamentoIOsTests.xctest */;
			productType = "com.apple.product-type.bundle.unit-test";
		};
		20D1825C1C41763700B57DD8 /* RecrutamentoIOsUITests */ = {
			isa = PBXNativeTarget;
			buildConfigurationList = 20D1826C1C41763700B57DD8 /* Build configuration list for PBXNativeTarget "RecrutamentoIOsUITests" */;
			buildPhases = (
				20D182591C41763700B57DD8 /* Sources */,
				20D1825A1C41763700B57DD8 /* Frameworks */,
				20D1825B1C41763700B57DD8 /* Resources */,
			);
			buildRules = (
			);
			dependencies = (
				20D1825F1C41763700B57DD8 /* PBXTargetDependency */,
			);
			name = RecrutamentoIOsUITests;
			productName = RecrutamentoIOsUITests;
			productReference = 20D1825D1C41763700B57DD8 /* RecrutamentoIOsUITests.xctest */;
			productType = "com.apple.product-type.bundle.ui-testing";
		};
/* End PBXNativeTarget section */

/* Begin PBXProject section */
		20D182311C41763700B57DD8 /* Project object */ = {
			isa = PBXProject;
			attributes = {
				LastUpgradeCheck = 0720;
				ORGANIZATIONNAME = "Thiago Lioy";
				TargetAttributes = {
					20D182381C41763700B57DD8 = {
						CreatedOnToolsVersion = 7.2;
					};
					20D182511C41763700B57DD8 = {
						CreatedOnToolsVersion = 7.2;
						TestTargetID = 20D182381C41763700B57DD8;
					};
					20D1825C1C41763700B57DD8 = {
						CreatedOnToolsVersion = 7.2;
						TestTargetID = 20D182381C41763700B57DD8;
					};
				};
			};
			buildConfigurationList = 20D182341C41763700B57DD8 /* Build configuration list for PBXProject "RecrutamentoIOs" */;
			compatibilityVersion = "Xcode 3.2";
			developmentRegion = English;
			hasScannedForEncodings = 0;
			knownRegions = (
				en,
				Base,
			);
			mainGroup = 20D182301C41763700B57DD8;
			productRefGroup = 20D1823A1C41763700B57DD8 /* Products */;
			projectDirPath = "";
			projectRoot = "";
			targets = (
				20D182381C41763700B57DD8 /* RecrutamentoIOs */,
				20D182511C41763700B57DD8 /* RecrutamentoIOsTests */,
				20D1825C1C41763700B57DD8 /* RecrutamentoIOsUITests */,
			);
		};
/* End PBXProject section */

/* Begin PBXResourcesBuildPhase section */
		20D182371C41763700B57DD8 /* Resources */ = {
			isa = PBXResourcesBuildPhase;
			buildActionMask = 2147483647;
			files = (
				20D1824C1C41763700B57DD8 /* LaunchScreen.storyboard in Resources */,
				20D182491C41763700B57DD8 /* Assets.xcassets in Resources */,
				20D182471C41763700B57DD8 /* Main.storyboard in Resources */,
			);
			runOnlyForDeploymentPostprocessing = 0;
		};
		20D182501C41763700B57DD8 /* Resources */ = {
			isa = PBXResourcesBuildPhase;
			buildActionMask = 2147483647;
			files = (
			);
			runOnlyForDeploymentPostprocessing = 0;
		};
		20D1825B1C41763700B57DD8 /* Resources */ = {
			isa = PBXResourcesBuildPhase;
			buildActionMask = 2147483647;
			files = (
			);
			runOnlyForDeploymentPostprocessing = 0;
		};
/* End PBXResourcesBuildPhase section */

/* Begin PBXShellScriptBuildPhase section */
		C6884205D0ACA891916D790C /* Check Pods Manifest.lock */ = {
			isa = PBXShellScriptBuildPhase;
			buildActionMask = 2147483647;
			files = (
			);
			inputPaths = (
			);
			name = "Check Pods Manifest.lock";
			outputPaths = (
			);
			runOnlyForDeploymentPostprocessing = 0;
			shellPath = /bin/sh;
			shellScript = "diff \"${PODS_ROOT}/../Podfile.lock\" \"${PODS_ROOT}/Manifest.lock\" > /dev/null\nif [[ $? != 0 ]] ; then\n    cat << EOM\nerror: The sandbox is not in sync with the Podfile.lock. Run 'pod install' or update your CocoaPods installation.\nEOM\n    exit 1\nfi\n";
			showEnvVarsInLog = 0;
		};
		D44D56ED094DA32364B84163 /* Copy Pods Resources */ = {
			isa = PBXShellScriptBuildPhase;
			buildActionMask = 2147483647;
			files = (
			);
			inputPaths = (
			);
			name = "Copy Pods Resources";
			outputPaths = (
			);
			runOnlyForDeploymentPostprocessing = 0;
			shellPath = /bin/sh;
			shellScript = "\"${SRCROOT}/Pods/Target Support Files/Pods-RecrutamentoIOs/Pods-RecrutamentoIOs-resources.sh\"\n";
			showEnvVarsInLog = 0;
		};
		D45C12144D2709C9A8A2F094 /* Check Pods Manifest.lock */ = {
			isa = PBXShellScriptBuildPhase;
			buildActionMask = 2147483647;
			files = (
			);
			inputPaths = (
			);
			name = "Check Pods Manifest.lock";
			outputPaths = (
			);
			runOnlyForDeploymentPostprocessing = 0;
			shellPath = /bin/sh;
			shellScript = "diff \"${PODS_ROOT}/../Podfile.lock\" \"${PODS_ROOT}/Manifest.lock\" > /dev/null\nif [[ $? != 0 ]] ; then\n    cat << EOM\nerror: The sandbox is not in sync with the Podfile.lock. Run 'pod install' or update your CocoaPods installation.\nEOM\n    exit 1\nfi\n";
			showEnvVarsInLog = 0;
		};
		E3A1DE0802B3E55A5CD94016 /* Copy Pods Resources */ = {
			isa = PBXShellScriptBuildPhase;
			buildActionMask = 2147483647;
			files = (
			);
			inputPaths = (
			);
			name = "Copy Pods Resources";
			outputPaths = (
			);
			runOnlyForDeploymentPostprocessing = 0;
			shellPath = /bin/sh;
			shellScript = "\"${SRCROOT}/Pods/Target Support Files/Pods-RecrutamentoIOsTests/Pods-RecrutamentoIOsTests-resources.sh\"\n";
			showEnvVarsInLog = 0;
		};
/* End PBXShellScriptBuildPhase section */

/* Begin PBXSourcesBuildPhase section */
		20D182351C41763700B57DD8 /* Sources */ = {
			isa = PBXSourcesBuildPhase;
			buildActionMask = 2147483647;
			files = (
				20D182441C41763700B57DD8 /* ViewController.m in Sources */,
				20D182411C41763700B57DD8 /* AppDelegate.m in Sources */,
				20D1823E1C41763700B57DD8 /* main.m in Sources */,
			);
			runOnlyForDeploymentPostprocessing = 0;
		};
		20D1824E1C41763700B57DD8 /* Sources */ = {
			isa = PBXSourcesBuildPhase;
			buildActionMask = 2147483647;
			files = (
			);
			runOnlyForDeploymentPostprocessing = 0;
		};
		20D182591C41763700B57DD8 /* Sources */ = {
			isa = PBXSourcesBuildPhase;
			buildActionMask = 2147483647;
			files = (
				20D182621C41763700B57DD8 /* RecrutamentoIOsUITests.m in Sources */,
			);
			runOnlyForDeploymentPostprocessing = 0;
		};
/* End PBXSourcesBuildPhase section */

/* Begin PBXTargetDependency section */
		20D182541C41763700B57DD8 /* PBXTargetDependency */ = {
			isa = PBXTargetDependency;
			target = 20D182381C41763700B57DD8 /* RecrutamentoIOs */;
			targetProxy = 20D182531C41763700B57DD8 /* PBXContainerItemProxy */;
		};
		20D1825F1C41763700B57DD8 /* PBXTargetDependency */ = {
			isa = PBXTargetDependency;
			target = 20D182381C41763700B57DD8 /* RecrutamentoIOs */;
			targetProxy = 20D1825E1C41763700B57DD8 /* PBXContainerItemProxy */;
		};
/* End PBXTargetDependency section */

/* Begin PBXVariantGroup section */
		20D182451C41763700B57DD8 /* Main.storyboard */ = {
			isa = PBXVariantGroup;
			children = (
				20D182461C41763700B57DD8 /* Base */,
			);
			name = Main.storyboard;
			sourceTree = "<group>";
		};
		20D1824A1C41763700B57DD8 /* LaunchScreen.storyboard */ = {
			isa = PBXVariantGroup;
			children = (
				20D1824B1C41763700B57DD8 /* Base */,
			);
			name = LaunchScreen.storyboard;
			sourceTree = "<group>";
		};
/* End PBXVariantGroup section */

/* Begin XCBuildConfiguration section */
		20D182641C41763700B57DD8 /* Debug */ = {
			isa = XCBuildConfiguration;
			buildSettings = {
				ALWAYS_SEARCH_USER_PATHS = NO;
				CLANG_CXX_LANGUAGE_STANDARD = "gnu++0x";
				CLANG_CXX_LIBRARY = "libc++";
				CLANG_ENABLE_MODULES = YES;
				CLANG_ENABLE_OBJC_ARC = YES;
				CLANG_WARN_BOOL_CONVERSION = YES;
				CLANG_WARN_CONSTANT_CONVERSION = YES;
				CLANG_WARN_DIRECT_OBJC_ISA_USAGE = YES_ERROR;
				CLANG_WARN_EMPTY_BODY = YES;
				CLANG_WARN_ENUM_CONVERSION = YES;
				CLANG_WARN_INT_CONVERSION = YES;
				CLANG_WARN_OBJC_ROOT_CLASS = YES_ERROR;
				CLANG_WARN_UNREACHABLE_CODE = YES;
				CLANG_WARN__DUPLICATE_METHOD_MATCH = YES;
				"CODE_SIGN_IDENTITY[sdk=iphoneos*]" = "iPhone Developer";
				COPY_PHASE_STRIP = NO;
				DEBUG_INFORMATION_FORMAT = dwarf;
				ENABLE_STRICT_OBJC_MSGSEND = YES;
				ENABLE_TESTABILITY = YES;
				GCC_C_LANGUAGE_STANDARD = gnu99;
				GCC_DYNAMIC_NO_PIC = NO;
				GCC_NO_COMMON_BLOCKS = YES;
				GCC_OPTIMIZATION_LEVEL = 0;
				GCC_PREPROCESSOR_DEFINITIONS = (
					"DEBUG=1",
					"$(inherited)",
				);
				GCC_WARN_64_TO_32_BIT_CONVERSION = YES;
				GCC_WARN_ABOUT_RETURN_TYPE = YES_ERROR;
				GCC_WARN_UNDECLARED_SELECTOR = YES;
				GCC_WARN_UNINITIALIZED_AUTOS = YES_AGGRESSIVE;
				GCC_WARN_UNUSED_FUNCTION = YES;
				GCC_WARN_UNUSED_VARIABLE = YES;
				IPHONEOS_DEPLOYMENT_TARGET = 9.2;
				MTL_ENABLE_DEBUG_INFO = YES;
				ONLY_ACTIVE_ARCH = YES;
				SDKROOT = iphoneos;
			};
			name = Debug;
		};
		20D182651C41763700B57DD8 /* Release */ = {
			isa = XCBuildConfiguration;
			buildSettings = {
				ALWAYS_SEARCH_USER_PATHS = NO;
				CLANG_CXX_LANGUAGE_STANDARD = "gnu++0x";
				CLANG_CXX_LIBRARY = "libc++";
				CLANG_ENABLE_MODULES = YES;
				CLANG_ENABLE_OBJC_ARC = YES;
				CLANG_WARN_BOOL_CONVERSION = YES;
				CLANG_WARN_CONSTANT_CONVERSION = YES;
				CLANG_WARN_DIRECT_OBJC_ISA_USAGE = YES_ERROR;
				CLANG_WARN_EMPTY_BODY = YES;
				CLANG_WARN_ENUM_CONVERSION = YES;
				CLANG_WARN_INT_CONVERSION = YES;
				CLANG_WARN_OBJC_ROOT_CLASS = YES_ERROR;
				CLANG_WARN_UNREACHABLE_CODE = YES;
				CLANG_WARN__DUPLICATE_METHOD_MATCH = YES;
				"CODE_SIGN_IDENTITY[sdk=iphoneos*]" = "iPhone Developer";
				COPY_PHASE_STRIP = NO;
				DEBUG_INFORMATION_FORMAT = "dwarf-with-dsym";
				ENABLE_NS_ASSERTIONS = NO;
				ENABLE_STRICT_OBJC_MSGSEND = YES;
				GCC_C_LANGUAGE_STANDARD = gnu99;
				GCC_NO_COMMON_BLOCKS = YES;
				GCC_WARN_64_TO_32_BIT_CONVERSION = YES;
				GCC_WARN_ABOUT_RETURN_TYPE = YES_ERROR;
				GCC_WARN_UNDECLARED_SELECTOR = YES;
				GCC_WARN_UNINITIALIZED_AUTOS = YES_AGGRESSIVE;
				GCC_WARN_UNUSED_FUNCTION = YES;
				GCC_WARN_UNUSED_VARIABLE = YES;
				IPHONEOS_DEPLOYMENT_TARGET = 9.2;
				MTL_ENABLE_DEBUG_INFO = NO;
				SDKROOT = iphoneos;
				VALIDATE_PRODUCT = YES;
			};
			name = Release;
		};
		20D182671C41763700B57DD8 /* Debug */ = {
			isa = XCBuildConfiguration;
			baseConfigurationReference = 02C2F9FE104A3653FB1CA212 /* Pods-RecrutamentoIOs.debug.xcconfig */;
			buildSettings = {
				ASSETCATALOG_COMPILER_APPICON_NAME = AppIcon;
				INFOPLIST_FILE = RecrutamentoIOs/Info.plist;
				LD_RUNPATH_SEARCH_PATHS = "$(inherited) @executable_path/Frameworks";
				PRODUCT_BUNDLE_IDENTIFIER = com.tplioy.RecrutamentoIOs;
				PRODUCT_NAME = "$(TARGET_NAME)";
			};
			name = Debug;
		};
		20D182681C41763700B57DD8 /* Release */ = {
			isa = XCBuildConfiguration;
			baseConfigurationReference = CB44DC6E18E8BFEFCC39B039 /* Pods-RecrutamentoIOs.release.xcconfig */;
			buildSettings = {
				ASSETCATALOG_COMPILER_APPICON_NAME = AppIcon;
				INFOPLIST_FILE = RecrutamentoIOs/Info.plist;
				LD_RUNPATH_SEARCH_PATHS = "$(inherited) @executable_path/Frameworks";
				PRODUCT_BUNDLE_IDENTIFIER = com.tplioy.RecrutamentoIOs;
				PRODUCT_NAME = "$(TARGET_NAME)";
			};
			name = Release;
		};
		20D1826A1C41763700B57DD8 /* Debug */ = {
			isa = XCBuildConfiguration;
			baseConfigurationReference = 2A2125D9FFEA0605EBC676B7 /* Pods-RecrutamentoIOsTests.debug.xcconfig */;
			buildSettings = {
				BUNDLE_LOADER = "$(TEST_HOST)";
				INFOPLIST_FILE = RecrutamentoIOsTests/Info.plist;
				LD_RUNPATH_SEARCH_PATHS = "$(inherited) @executable_path/Frameworks @loader_path/Frameworks";
				PRODUCT_BUNDLE_IDENTIFIER = com.tplioy.RecrutamentoIOsTests;
				PRODUCT_NAME = "$(TARGET_NAME)";
				TEST_HOST = "$(BUILT_PRODUCTS_DIR)/RecrutamentoIOs.app/RecrutamentoIOs";
			};
			name = Debug;
		};
		20D1826B1C41763700B57DD8 /* Release */ = {
			isa = XCBuildConfiguration;
			baseConfigurationReference = 369EEF95CE5D35305AA22DD2 /* Pods-RecrutamentoIOsTests.release.xcconfig */;
			buildSettings = {
				BUNDLE_LOADER = "$(TEST_HOST)";
				INFOPLIST_FILE = RecrutamentoIOsTests/Info.plist;
				LD_RUNPATH_SEARCH_PATHS = "$(inherited) @executable_path/Frameworks @loader_path/Frameworks";
				PRODUCT_BUNDLE_IDENTIFIER = com.tplioy.RecrutamentoIOsTests;
				PRODUCT_NAME = "$(TARGET_NAME)";
				TEST_HOST = "$(BUILT_PRODUCTS_DIR)/RecrutamentoIOs.app/RecrutamentoIOs";
			};
			name = Release;
		};
		20D1826D1C41763700B57DD8 /* Debug */ = {
			isa = XCBuildConfiguration;
			buildSettings = {
				INFOPLIST_FILE = RecrutamentoIOsUITests/Info.plist;
				LD_RUNPATH_SEARCH_PATHS = "$(inherited) @executable_path/Frameworks @loader_path/Frameworks";
				PRODUCT_BUNDLE_IDENTIFIER = com.tplioy.RecrutamentoIOsUITests;
				PRODUCT_NAME = "$(TARGET_NAME)";
				TEST_TARGET_NAME = RecrutamentoIOs;
				USES_XCTRUNNER = YES;
			};
			name = Debug;
		};
		20D1826E1C41763700B57DD8 /* Release */ = {
			isa = XCBuildConfiguration;
			buildSettings = {
				INFOPLIST_FILE = RecrutamentoIOsUITests/Info.plist;
				LD_RUNPATH_SEARCH_PATHS = "$(inherited) @executable_path/Frameworks @loader_path/Frameworks";
				PRODUCT_BUNDLE_IDENTIFIER = com.tplioy.RecrutamentoIOsUITests;
				PRODUCT_NAME = "$(TARGET_NAME)";
				TEST_TARGET_NAME = RecrutamentoIOs;
				USES_XCTRUNNER = YES;
			};
			name = Release;
		};
/* End XCBuildConfiguration section */

/* Begin XCConfigurationList section */
		20D182341C41763700B57DD8 /* Build configuration list for PBXProject "RecrutamentoIOs" */ = {
			isa = XCConfigurationList;
			buildConfigurations = (
				20D182641C41763700B57DD8 /* Debug */,
				20D182651C41763700B57DD8 /* Release */,
			);
			defaultConfigurationIsVisible = 0;
			defaultConfigurationName = Release;
		};
		20D182661C41763700B57DD8 /* Build configuration list for PBXNativeTarget "RecrutamentoIOs" */ = {
			isa = XCConfigurationList;
			buildConfigurations = (
				20D182671C41763700B57DD8 /* Debug */,
				20D182681C41763700B57DD8 /* Release */,
			);
			defaultConfigurationIsVisible = 0;
			defaultConfigurationName = Release;
		};
		20D182691C41763700B57DD8 /* Build configuration list for PBXNativeTarget "RecrutamentoIOsTests" */ = {
			isa = XCConfigurationList;
			buildConfigurations = (
				20D1826A1C41763700B57DD8 /* Debug */,
				20D1826B1C41763700B57DD8 /* Release */,
			);
			defaultConfigurationIsVisible = 0;
			defaultConfigurationName = Release;
		};
		20D1826C1C41763700B57DD8 /* Build configuration list for PBXNativeTarget "RecrutamentoIOsUITests" */ = {
			isa = XCConfigurationList;
			buildConfigurations = (
				20D1826D1C41763700B57DD8 /* Debug */,
				20D1826E1C41763700B57DD8 /* Release */,
			);
			defaultConfigurationIsVisible = 0;
			defaultConfigurationName = Release;
		};
/* End XCConfigurationList section */
	};
	rootObject = 20D182311C41763700B57DD8 /* Project object */;
}
